
Microsoft Visual Studio Solution File, Format Version 12.00
Project("{FAE04EC0-301F-11D3-BF4B-00C04F79EFBC}") = "BackendTripRecruitmentTask", "BackendTripRecruitmentTask.csproj", "{71DD1AFA-3116-4440-9B1B-55DF7B3C4EBE}"
EndProject
Global
	GlobalSection(SolutionConfigurationPlatforms) = preSolution
		Debug|Any CPU = Debug|Any CPU
		Release|Any CPU = Release|Any CPU
	EndGlobalSection
	GlobalSection(ProjectConfigurationPlatforms) = postSolution
		{71DD1AFA-3116-4440-9B1B-55DF7B3C4EBE}.Debug|Any CPU.ActiveCfg = Debug|Any CPU
		{71DD1AFA-3116-4440-9B1B-55DF7B3C4EBE}.Debug|Any CPU.Build.0 = Debug|Any CPU
		{71DD1AFA-3116-4440-9B1B-55DF7B3C4EBE}.Release|Any CPU.ActiveCfg = Release|Any CPU
		{71DD1AFA-3116-4440-9B1B-55DF7B3C4EBE}.Release|Any CPU.Build.0 = Release|Any CPU
	EndGlobalSection
EndGlobal
